
Microsoft Visual Studio Solution File, Format Version 12.00
# Visual Studio 15
VisualStudioVersion = 15.0.28307.572
MinimumVisualStudioVersion = 10.0.40219.1
Project("{FAE04EC0-301F-11D3-BF4B-00C04F79EFBC}") = "EmployeeProgram", "EmployeeProgram\EmployeeProgram.csproj", "{F1E90C31-D758-486D-AAFC-462D3AAD9075}"
EndProject
Project("{FAE04EC0-301F-11D3-BF4B-00C04F79EFBC}") = "EmployeeProgramTests", "EmployeeProgramTests\EmployeeProgramTests.csproj", "{09CE602B-DBC9-4231-8F0E-EF4FA29E4935}"
EndProject
Global
	GlobalSection(SolutionConfigurationPlatforms) = preSolution
		Debug|Any CPU = Debug|Any CPU
		Release|Any CPU = Release|Any CPU
	EndGlobalSection
	GlobalSection(ProjectConfigurationPlatforms) = postSolution
		{F1E90C31-D758-486D-AAFC-462D3AAD9075}.Debug|Any CPU.ActiveCfg = Debug|Any CPU
		{F1E90C31-D758-486D-AAFC-462D3AAD9075}.Debug|Any CPU.Build.0 = Debug|Any CPU
		{F1E90C31-D758-486D-AAFC-462D3AAD9075}.Release|Any CPU.ActiveCfg = Release|Any CPU
		{F1E90C31-D758-486D-AAFC-462D3AAD9075}.Release|Any CPU.Build.0 = Release|Any CPU
		{09CE602B-DBC9-4231-8F0E-EF4FA29E4935}.Debug|Any CPU.ActiveCfg = Debug|Any CPU
		{09CE602B-DBC9-4231-8F0E-EF4FA29E4935}.Debug|Any CPU.Build.0 = Debug|Any CPU
		{09CE602B-DBC9-4231-8F0E-EF4FA29E4935}.Release|Any CPU.ActiveCfg = Release|Any CPU
		{09CE602B-DBC9-4231-8F0E-EF4FA29E4935}.Release|Any CPU.Build.0 = Release|Any CPU
	EndGlobalSection
	GlobalSection(SolutionProperties) = preSolution
		HideSolutionNode = FALSE
	EndGlobalSection
	GlobalSection(ExtensibilityGlobals) = postSolution
		SolutionGuid = {BF0928EE-A722-4662-82E6-3C0A7BFED5CC}
	EndGlobalSection
EndGlobal
